
Microsoft Visual Studio Solution File, Format Version 12.00
# Visual Studio 15
VisualStudioVersion = 15.0.28307.168
MinimumVisualStudioVersion = 10.0.40219.1
Project("{9A19103F-16F7-4668-BE54-9A1E7A4F7556}") = "MailClientRazorPages", "MailClientRazorPages\MailClientRazorPages.csproj", "{F44F36E4-4540-4A94-873C-C0C0D65C0F1A}"
EndProject
Project("{9A19103F-16F7-4668-BE54-9A1E7A4F7556}") = "Services.Abstract", "Services.Abstract\Services.Abstract.csproj", "{D299A9F3-B8E9-4D91-964B-B8B7EE259049}"
EndProject
Project("{9A19103F-16F7-4668-BE54-9A1E7A4F7556}") = "Services", "Services\Services.csproj", "{F18501EE-DDEE-4048-A9BF-AABA09E71601}"
EndProject
Project("{FAE04EC0-301F-11D3-BF4B-00C04F79EFBC}") = "Models", "Models\Models.csproj", "{46504A52-05A8-4D48-8773-779AB9C3951C}"
EndProject
Global
	GlobalSection(SolutionConfigurationPlatforms) = preSolution
		Debug|Any CPU = Debug|Any CPU
		Release|Any CPU = Release|Any CPU
	EndGlobalSection
	GlobalSection(ProjectConfigurationPlatforms) = postSolution
		{F44F36E4-4540-4A94-873C-C0C0D65C0F1A}.Debug|Any CPU.ActiveCfg = Debug|Any CPU
		{F44F36E4-4540-4A94-873C-C0C0D65C0F1A}.Debug|Any CPU.Build.0 = Debug|Any CPU
		{F44F36E4-4540-4A94-873C-C0C0D65C0F1A}.Release|Any CPU.ActiveCfg = Release|Any CPU
		{F44F36E4-4540-4A94-873C-C0C0D65C0F1A}.Release|Any CPU.Build.0 = Release|Any CPU
		{D299A9F3-B8E9-4D91-964B-B8B7EE259049}.Debug|Any CPU.ActiveCfg = Debug|Any CPU
		{D299A9F3-B8E9-4D91-964B-B8B7EE259049}.Debug|Any CPU.Build.0 = Debug|Any CPU
		{D299A9F3-B8E9-4D91-964B-B8B7EE259049}.Release|Any CPU.ActiveCfg = Release|Any CPU
		{D299A9F3-B8E9-4D91-964B-B8B7EE259049}.Release|Any CPU.Build.0 = Release|Any CPU
		{F18501EE-DDEE-4048-A9BF-AABA09E71601}.Debug|Any CPU.ActiveCfg = Debug|Any CPU
		{F18501EE-DDEE-4048-A9BF-AABA09E71601}.Debug|Any CPU.Build.0 = Debug|Any CPU
		{F18501EE-DDEE-4048-A9BF-AABA09E71601}.Release|Any CPU.ActiveCfg = Release|Any CPU
		{F18501EE-DDEE-4048-A9BF-AABA09E71601}.Release|Any CPU.Build.0 = Release|Any CPU
		{46504A52-05A8-4D48-8773-779AB9C3951C}.Debug|Any CPU.ActiveCfg = Debug|Any CPU
		{46504A52-05A8-4D48-8773-779AB9C3951C}.Debug|Any CPU.Build.0 = Debug|Any CPU
		{46504A52-05A8-4D48-8773-779AB9C3951C}.Release|Any CPU.ActiveCfg = Release|Any CPU
		{46504A52-05A8-4D48-8773-779AB9C3951C}.Release|Any CPU.Build.0 = Release|Any CPU
	EndGlobalSection
	GlobalSection(SolutionProperties) = preSolution
		HideSolutionNode = FALSE
	EndGlobalSection
	GlobalSection(ExtensibilityGlobals) = postSolution
		SolutionGuid = {5B9BE3F9-985C-439C-87C1-AB5FCA267BD1}
	EndGlobalSection
EndGlobal
